
Microsoft Visual Studio Solution File, Format Version 12.00
# Visual Studio Version 16
VisualStudioVersion = 16.0.30011.22
MinimumVisualStudioVersion = 10.0.40219.1
Project("{9A19103F-16F7-4668-BE54-9A1E7A4F7556}") = "Chroma.Shine", "Chroma.Shine\Chroma.Shine.csproj", "{EB381EC6-BB2A-4DAC-AD02-E067D0017C97}"
EndProject
Project("{FAE04EC0-301F-11D3-BF4B-00C04F79EFBC}") = "Chroma.ShineExample", "Chroma.ShineExample\Chroma.ShineExample.csproj", "{A7644344-BF3C-4133-B3B7-0261D6AD459E}"
EndProject
Global
	GlobalSection(SolutionConfigurationPlatforms) = preSolution
		Debug|Any CPU = Debug|Any CPU
		Release|Any CPU = Release|Any CPU
	EndGlobalSection
	GlobalSection(ProjectConfigurationPlatforms) = postSolution
		{EB381EC6-BB2A-4DAC-AD02-E067D0017C97}.Debug|Any CPU.ActiveCfg = Debug|Any CPU
		{EB381EC6-BB2A-4DAC-AD02-E067D0017C97}.Debug|Any CPU.Build.0 = Debug|Any CPU
		{EB381EC6-BB2A-4DAC-AD02-E067D0017C97}.Release|Any CPU.ActiveCfg = Release|Any CPU
		{EB381EC6-BB2A-4DAC-AD02-E067D0017C97}.Release|Any CPU.Build.0 = Release|Any CPU
		{A7644344-BF3C-4133-B3B7-0261D6AD459E}.Debug|Any CPU.ActiveCfg = Debug|Any CPU
		{A7644344-BF3C-4133-B3B7-0261D6AD459E}.Debug|Any CPU.Build.0 = Debug|Any CPU
		{A7644344-BF3C-4133-B3B7-0261D6AD459E}.Release|Any CPU.ActiveCfg = Release|Any CPU
		{A7644344-BF3C-4133-B3B7-0261D6AD459E}.Release|Any CPU.Build.0 = Release|Any CPU
	EndGlobalSection
	GlobalSection(SolutionProperties) = preSolution
		HideSolutionNode = FALSE
	EndGlobalSection
	GlobalSection(ExtensibilityGlobals) = postSolution
		SolutionGuid = {96618996-708A-487E-AB1F-B87A39121708}
	EndGlobalSection
EndGlobal
